
Microsoft Visual Studio Solution File, Format Version 12.00
# Visual Studio Version 17
VisualStudioVersion = 17.8.34309.116
MinimumVisualStudioVersion = 10.0.40219.1
Project("{FAE04EC0-301F-11D3-BF4B-00C04F79EFBC}") = "AppCalculatrice", "AppCalculatrice\AppCalculatrice.csproj", "{EE9E98A4-7E7E-4AF5-9D3C-B3FD2A605F77}"
EndProject
Global
	GlobalSection(SolutionConfigurationPlatforms) = preSolution
		Debug|Any CPU = Debug|Any CPU
		Release|Any CPU = Release|Any CPU
	EndGlobalSection
	GlobalSection(ProjectConfigurationPlatforms) = postSolution
		{EE9E98A4-7E7E-4AF5-9D3C-B3FD2A605F77}.Debug|Any CPU.ActiveCfg = Debug|Any CPU
		{EE9E98A4-7E7E-4AF5-9D3C-B3FD2A605F77}.Debug|Any CPU.Build.0 = Debug|Any CPU
		{EE9E98A4-7E7E-4AF5-9D3C-B3FD2A605F77}.Release|Any CPU.ActiveCfg = Release|Any CPU
		{EE9E98A4-7E7E-4AF5-9D3C-B3FD2A605F77}.Release|Any CPU.Build.0 = Release|Any CPU
	EndGlobalSection
	GlobalSection(SolutionProperties) = preSolution
		HideSolutionNode = FALSE
	EndGlobalSection
	GlobalSection(ExtensibilityGlobals) = postSolution
		SolutionGuid = {FDF98A8C-B423-4576-99B9-C80F0D7BAF24}
	EndGlobalSection
EndGlobal
